github.com/GabeCordo/commandline v0.1.7 h1:Xg5wAFkuZmc1l405s5Med2kAPb1n5lybl84e9EsFf7U=
github.com/GabeCordo/commandline v0.1.7/go.mod h1:PpEJZ9in2hhhZKvLNViNCl26O9Aij/A0fiJmYazRmdI=
github.com/GabeCordo/fack v0.1.4 h1:sEFZvPN0e1xBWotTKBTN15CG3sHhxdRiILEX87xfIMs=
github.com/GabeCordo/fack v0.1.4/go.mod h1:gswPD1Ow2onkjUcNa3WVbnJDJ+hHytS3Bjmdab4fRtk=
github.com/GabeCordo/mango v0.2.0-alpha h1:VNMOfTyT8f4MJN5rHy3ZOAQNXXK23R/RR5+mq9sr/M0=
github.com/GabeCordo/mango v0.2.0-alpha/go.mod h1:fAlo9ARvw+TRAxqWKQIe8n8sASX0JtWvqnTqJOUEqqE=
github.com/GabeCordo/toolchain v0.1.6 h1:DntZ5RQfQ9zh1VffdDajHjWV7eWe+9oZ+RIHk8d6NT0=
github.com/GabeCordo/toolchain v0.1.6/go.mod h1:2UmX2lHst0LFC4GyFCprBfBk0XbLo9DAQM6cuXHYh3U=
gopkg.in/check.v1 v0.0.0-20161208181325-20d25e280405 h1:yhCVgyC4o1eVCa2tZl7eS0r+SDo693bJlVdllGtEeKM=
gopkg.in/check.v1 v0.0.0-20161208181325-20d25e280405/go.mod h1:Co6ibVJAznAaIkqp8huTwlJQCZ016jof/cbN4VW5Yz0=
gopkg.in/yaml.v3 v3.0.1 h1:fxVm/GzAzEWqLHuvctI91KS9hhNmmWOoWu0XTYJS7CA=
gopkg.in/yaml.v3 v3.0.1/go.mod h1:K4uyk7z7BCEPqu6E+C64Yfv1cQ7kz7rIZviUmN+EgEM=
